
Microsoft Visual Studio Solution File, Format Version 12.00
# Visual Studio Version 17
VisualStudioVersion = 17.11.35222.181
MinimumVisualStudioVersion = 10.0.40219.1
Project("{9A19103F-16F7-4668-BE54-9A1E7A4F7556}") = "Entidades", "Entidades\Entidades.csproj", "{D7C2CD14-0DBE-4E47-B574-6CD2DD15EEF5}"
EndProject
Project("{9A19103F-16F7-4668-BE54-9A1E7A4F7556}") = "Datos", "Datos\Datos.csproj", "{AA43D3CE-6BA3-4166-975C-4FC23EBEBB32}"
EndProject
Project("{9A19103F-16F7-4668-BE54-9A1E7A4F7556}") = "Negocio", "Negocio\Negocio.csproj", "{AD9C07D1-65CB-4E42-8835-2C647CE5C538}"
EndProject
Project("{9A19103F-16F7-4668-BE54-9A1E7A4F7556}") = "SitioWeb", "SitioWeb\SitioWeb.csproj", "{91FF2B81-C674-4E88-8173-BDC49B304E53}"
EndProject
Global
	GlobalSection(SolutionConfigurationPlatforms) = preSolution
		Debug|Any CPU = Debug|Any CPU
		Release|Any CPU = Release|Any CPU
	EndGlobalSection
	GlobalSection(ProjectConfigurationPlatforms) = postSolution
		{D7C2CD14-0DBE-4E47-B574-6CD2DD15EEF5}.Debug|Any CPU.ActiveCfg = Debug|Any CPU
		{D7C2CD14-0DBE-4E47-B574-6CD2DD15EEF5}.Debug|Any CPU.Build.0 = Debug|Any CPU
		{D7C2CD14-0DBE-4E47-B574-6CD2DD15EEF5}.Release|Any CPU.ActiveCfg = Release|Any CPU
		{D7C2CD14-0DBE-4E47-B574-6CD2DD15EEF5}.Release|Any CPU.Build.0 = Release|Any CPU
		{AA43D3CE-6BA3-4166-975C-4FC23EBEBB32}.Debug|Any CPU.ActiveCfg = Debug|Any CPU
		{AA43D3CE-6BA3-4166-975C-4FC23EBEBB32}.Debug|Any CPU.Build.0 = Debug|Any CPU
		{AA43D3CE-6BA3-4166-975C-4FC23EBEBB32}.Release|Any CPU.ActiveCfg = Release|Any CPU
		{AA43D3CE-6BA3-4166-975C-4FC23EBEBB32}.Release|Any CPU.Build.0 = Release|Any CPU
		{AD9C07D1-65CB-4E42-8835-2C647CE5C538}.Debug|Any CPU.ActiveCfg = Debug|Any CPU
		{AD9C07D1-65CB-4E42-8835-2C647CE5C538}.Debug|Any CPU.Build.0 = Debug|Any CPU
		{AD9C07D1-65CB-4E42-8835-2C647CE5C538}.Release|Any CPU.ActiveCfg = Release|Any CPU
		{AD9C07D1-65CB-4E42-8835-2C647CE5C538}.Release|Any CPU.Build.0 = Release|Any CPU
		{91FF2B81-C674-4E88-8173-BDC49B304E53}.Debug|Any CPU.ActiveCfg = Debug|Any CPU
		{91FF2B81-C674-4E88-8173-BDC49B304E53}.Debug|Any CPU.Build.0 = Debug|Any CPU
		{91FF2B81-C674-4E88-8173-BDC49B304E53}.Release|Any CPU.ActiveCfg = Release|Any CPU
		{91FF2B81-C674-4E88-8173-BDC49B304E53}.Release|Any CPU.Build.0 = Release|Any CPU
	EndGlobalSection
	GlobalSection(SolutionProperties) = preSolution
		HideSolutionNode = FALSE
	EndGlobalSection
	GlobalSection(ExtensibilityGlobals) = postSolution
		SolutionGuid = {287EC0FB-1DDE-46E6-B424-5DC40BA6C4C8}
	EndGlobalSection
EndGlobal
